
Microsoft Visual Studio Solution File, Format Version 12.00
# Visual Studio Version 16
VisualStudioVersion = 16.0.28922.388
MinimumVisualStudioVersion = 10.0.40219.1
Project("{FAE04EC0-301F-11D3-BF4B-00C04F79EFBC}") = "SchedulerGUI", "SchedulerGUI\SchedulerGUI.csproj", "{F8C0DD94-2031-414F-AA44-F4FE79268461}"
EndProject
Project("{FAE04EC0-301F-11D3-BF4B-00C04F79EFBC}") = "SchedulerImportTools", "SchedulerImportTools\SchedulerImportTools.csproj", "{CA3C4D12-E316-4C62-9811-3095FCCDA735}"
EndProject
Project("{9A19103F-16F7-4668-BE54-9A1E7A4F7556}") = "SchedulerDatabase", "SchedulerDatabase\SchedulerDatabase.csproj", "{4E41A325-3B1F-4F96-80B7-3CAB606EC532}"
EndProject
Project("{FAE04EC0-301F-11D3-BF4B-00C04F79EFBC}") = "TimelineLib", "WPF\TimelineLib\TimelineLib.csproj", "{D2188E92-117C-4E93-A759-5CC251DC226D}"
EndProject
Global
	GlobalSection(SolutionConfigurationPlatforms) = preSolution
		Debug|Any CPU = Debug|Any CPU
		Release|Any CPU = Release|Any CPU
	EndGlobalSection
	GlobalSection(ProjectConfigurationPlatforms) = postSolution
		{F8C0DD94-2031-414F-AA44-F4FE79268461}.Debug|Any CPU.ActiveCfg = Debug|Any CPU
		{F8C0DD94-2031-414F-AA44-F4FE79268461}.Debug|Any CPU.Build.0 = Debug|Any CPU
		{F8C0DD94-2031-414F-AA44-F4FE79268461}.Release|Any CPU.ActiveCfg = Release|Any CPU
		{F8C0DD94-2031-414F-AA44-F4FE79268461}.Release|Any CPU.Build.0 = Release|Any CPU
		{CA3C4D12-E316-4C62-9811-3095FCCDA735}.Debug|Any CPU.ActiveCfg = Debug|Any CPU
		{CA3C4D12-E316-4C62-9811-3095FCCDA735}.Debug|Any CPU.Build.0 = Debug|Any CPU
		{CA3C4D12-E316-4C62-9811-3095FCCDA735}.Release|Any CPU.ActiveCfg = Release|Any CPU
		{CA3C4D12-E316-4C62-9811-3095FCCDA735}.Release|Any CPU.Build.0 = Release|Any CPU
		{4E41A325-3B1F-4F96-80B7-3CAB606EC532}.Debug|Any CPU.ActiveCfg = Debug|Any CPU
		{4E41A325-3B1F-4F96-80B7-3CAB606EC532}.Debug|Any CPU.Build.0 = Debug|Any CPU
		{4E41A325-3B1F-4F96-80B7-3CAB606EC532}.Release|Any CPU.ActiveCfg = Release|Any CPU
		{4E41A325-3B1F-4F96-80B7-3CAB606EC532}.Release|Any CPU.Build.0 = Release|Any CPU
		{D2188E92-117C-4E93-A759-5CC251DC226D}.Debug|Any CPU.ActiveCfg = Debug|Any CPU
		{D2188E92-117C-4E93-A759-5CC251DC226D}.Debug|Any CPU.Build.0 = Debug|Any CPU
		{D2188E92-117C-4E93-A759-5CC251DC226D}.Release|Any CPU.ActiveCfg = Release|Any CPU
		{D2188E92-117C-4E93-A759-5CC251DC226D}.Release|Any CPU.Build.0 = Release|Any CPU
	EndGlobalSection
	GlobalSection(SolutionProperties) = preSolution
		HideSolutionNode = FALSE
	EndGlobalSection
	GlobalSection(ExtensibilityGlobals) = postSolution
		SolutionGuid = {5409E2A3-C9BC-4AA6-A9C4-09B09A37D989}
	EndGlobalSection
EndGlobal
